
Microsoft Visual Studio Solution File, Format Version 12.00
# Visual Studio Version 17
VisualStudioVersion = 17.10.35013.160
MinimumVisualStudioVersion = 10.0.40219.1
Project("{9A19103F-16F7-4668-BE54-9A1E7A4F7556}") = "TemelKavramlar", "TemelKavramlar\TemelKavramlar.csproj", "{9FEE9382-B4A3-4DDC-84F0-8C27654C8DC1}"
EndProject
Project("{9A19103F-16F7-4668-BE54-9A1E7A4F7556}") = "Degiskenler", "Degiskenler\Degiskenler.csproj", "{54733D5C-EA15-4CCF-B74F-0E316CB1AFBE}"
EndProject
Project("{FAE04EC0-301F-11D3-BF4B-00C04F79EFBC}") = "Operatorler", "Operatorler\Operatorler.csproj", "{A68D61F8-41C8-46C3-8F9F-8E5EF59BBB37}"
EndProject
Global
	GlobalSection(SolutionConfigurationPlatforms) = preSolution
		Debug|Any CPU = Debug|Any CPU
		Release|Any CPU = Release|Any CPU
	EndGlobalSection
	GlobalSection(ProjectConfigurationPlatforms) = postSolution
		{9FEE9382-B4A3-4DDC-84F0-8C27654C8DC1}.Debug|Any CPU.ActiveCfg = Debug|Any CPU
		{9FEE9382-B4A3-4DDC-84F0-8C27654C8DC1}.Debug|Any CPU.Build.0 = Debug|Any CPU
		{9FEE9382-B4A3-4DDC-84F0-8C27654C8DC1}.Release|Any CPU.ActiveCfg = Release|Any CPU
		{9FEE9382-B4A3-4DDC-84F0-8C27654C8DC1}.Release|Any CPU.Build.0 = Release|Any CPU
		{54733D5C-EA15-4CCF-B74F-0E316CB1AFBE}.Debug|Any CPU.ActiveCfg = Debug|Any CPU
		{54733D5C-EA15-4CCF-B74F-0E316CB1AFBE}.Debug|Any CPU.Build.0 = Debug|Any CPU
		{54733D5C-EA15-4CCF-B74F-0E316CB1AFBE}.Release|Any CPU.ActiveCfg = Release|Any CPU
		{54733D5C-EA15-4CCF-B74F-0E316CB1AFBE}.Release|Any CPU.Build.0 = Release|Any CPU
		{A68D61F8-41C8-46C3-8F9F-8E5EF59BBB37}.Debug|Any CPU.ActiveCfg = Debug|Any CPU
		{A68D61F8-41C8-46C3-8F9F-8E5EF59BBB37}.Debug|Any CPU.Build.0 = Debug|Any CPU
		{A68D61F8-41C8-46C3-8F9F-8E5EF59BBB37}.Release|Any CPU.ActiveCfg = Release|Any CPU
		{A68D61F8-41C8-46C3-8F9F-8E5EF59BBB37}.Release|Any CPU.Build.0 = Release|Any CPU
	EndGlobalSection
	GlobalSection(SolutionProperties) = preSolution
		HideSolutionNode = FALSE
	EndGlobalSection
	GlobalSection(ExtensibilityGlobals) = postSolution
		SolutionGuid = {0BB75B6D-782F-4DA8-8F34-63477B5C434F}
	EndGlobalSection
EndGlobal
