
Microsoft Visual Studio Solution File, Format Version 12.00
# Visual Studio Version 17
VisualStudioVersion = 17.10.35013.160
MinimumVisualStudioVersion = 10.0.40219.1
Project("{9A19103F-16F7-4668-BE54-9A1E7A4F7556}") = "TemelKavramlar", "TemelKavramlar\TemelKavramlar.csproj", "{9FEE9382-B4A3-4DDC-84F0-8C27654C8DC1}"
EndProject
Project("{9A19103F-16F7-4668-BE54-9A1E7A4F7556}") = "Degiskenler", "Degiskenler\Degiskenler.csproj", "{54733D5C-EA15-4CCF-B74F-0E316CB1AFBE}"
EndProject
Project("{9A19103F-16F7-4668-BE54-9A1E7A4F7556}") = "Operatorler", "Operatorler\Operatorler.csproj", "{A68D61F8-41C8-46C3-8F9F-8E5EF59BBB37}"
EndProject
Project("{9A19103F-16F7-4668-BE54-9A1E7A4F7556}") = "KararYapilari", "KararYapilari\KararYapilari.csproj", "{B7FD48BC-11F7-4742-B806-A715758A2DC8}"
EndProject
Project("{9A19103F-16F7-4668-BE54-9A1E7A4F7556}") = "HesapMakinesi", "..\HesapMakinasıYeni\HesapMakinasıYeni\HesapMakinesi.csproj", "{0117E71B-730A-4CA2-BA02-48772F3ECF36}"
EndProject
Project("{9A19103F-16F7-4668-BE54-9A1E7A4F7556}") = "Diziler", "Diziler\Diziler.csproj", "{6E0EF6BC-3316-4751-A2E3-25E05B312DA9}"
EndProject
Project("{FAE04EC0-301F-11D3-BF4B-00C04F79EFBC}") = "Donguler", "Donguler\Donguler.csproj", "{28B4BE40-8C85-40BF-BD35-067C868E251E}"
EndProject
Project("{FAE04EC0-301F-11D3-BF4B-00C04F79EFBC}") = "Metotlar", "Metotlar\Metotlar.csproj", "{E953A5D7-8FBF-459A-9948-4F9D891FAB61}"
EndProject
Global
	GlobalSection(SolutionConfigurationPlatforms) = preSolution
		Debug|Any CPU = Debug|Any CPU
		Release|Any CPU = Release|Any CPU
	EndGlobalSection
	GlobalSection(ProjectConfigurationPlatforms) = postSolution
		{9FEE9382-B4A3-4DDC-84F0-8C27654C8DC1}.Debug|Any CPU.ActiveCfg = Debug|Any CPU
		{9FEE9382-B4A3-4DDC-84F0-8C27654C8DC1}.Debug|Any CPU.Build.0 = Debug|Any CPU
		{9FEE9382-B4A3-4DDC-84F0-8C27654C8DC1}.Release|Any CPU.ActiveCfg = Release|Any CPU
		{9FEE9382-B4A3-4DDC-84F0-8C27654C8DC1}.Release|Any CPU.Build.0 = Release|Any CPU
		{54733D5C-EA15-4CCF-B74F-0E316CB1AFBE}.Debug|Any CPU.ActiveCfg = Debug|Any CPU
		{54733D5C-EA15-4CCF-B74F-0E316CB1AFBE}.Debug|Any CPU.Build.0 = Debug|Any CPU
		{54733D5C-EA15-4CCF-B74F-0E316CB1AFBE}.Release|Any CPU.ActiveCfg = Release|Any CPU
		{54733D5C-EA15-4CCF-B74F-0E316CB1AFBE}.Release|Any CPU.Build.0 = Release|Any CPU
		{A68D61F8-41C8-46C3-8F9F-8E5EF59BBB37}.Debug|Any CPU.ActiveCfg = Debug|Any CPU
		{A68D61F8-41C8-46C3-8F9F-8E5EF59BBB37}.Debug|Any CPU.Build.0 = Debug|Any CPU
		{A68D61F8-41C8-46C3-8F9F-8E5EF59BBB37}.Release|Any CPU.ActiveCfg = Release|Any CPU
		{A68D61F8-41C8-46C3-8F9F-8E5EF59BBB37}.Release|Any CPU.Build.0 = Release|Any CPU
		{B7FD48BC-11F7-4742-B806-A715758A2DC8}.Debug|Any CPU.ActiveCfg = Debug|Any CPU
		{B7FD48BC-11F7-4742-B806-A715758A2DC8}.Debug|Any CPU.Build.0 = Debug|Any CPU
		{B7FD48BC-11F7-4742-B806-A715758A2DC8}.Release|Any CPU.ActiveCfg = Release|Any CPU
		{B7FD48BC-11F7-4742-B806-A715758A2DC8}.Release|Any CPU.Build.0 = Release|Any CPU
		{0117E71B-730A-4CA2-BA02-48772F3ECF36}.Debug|Any CPU.ActiveCfg = Debug|Any CPU
		{0117E71B-730A-4CA2-BA02-48772F3ECF36}.Debug|Any CPU.Build.0 = Debug|Any CPU
		{0117E71B-730A-4CA2-BA02-48772F3ECF36}.Release|Any CPU.ActiveCfg = Release|Any CPU
		{0117E71B-730A-4CA2-BA02-48772F3ECF36}.Release|Any CPU.Build.0 = Release|Any CPU
		{6E0EF6BC-3316-4751-A2E3-25E05B312DA9}.Debug|Any CPU.ActiveCfg = Debug|Any CPU
		{6E0EF6BC-3316-4751-A2E3-25E05B312DA9}.Debug|Any CPU.Build.0 = Debug|Any CPU
		{6E0EF6BC-3316-4751-A2E3-25E05B312DA9}.Release|Any CPU.ActiveCfg = Release|Any CPU
		{6E0EF6BC-3316-4751-A2E3-25E05B312DA9}.Release|Any CPU.Build.0 = Release|Any CPU
		{28B4BE40-8C85-40BF-BD35-067C868E251E}.Debug|Any CPU.ActiveCfg = Debug|Any CPU
		{28B4BE40-8C85-40BF-BD35-067C868E251E}.Debug|Any CPU.Build.0 = Debug|Any CPU
		{28B4BE40-8C85-40BF-BD35-067C868E251E}.Release|Any CPU.ActiveCfg = Release|Any CPU
		{28B4BE40-8C85-40BF-BD35-067C868E251E}.Release|Any CPU.Build.0 = Release|Any CPU
		{E953A5D7-8FBF-459A-9948-4F9D891FAB61}.Debug|Any CPU.ActiveCfg = Debug|Any CPU
		{E953A5D7-8FBF-459A-9948-4F9D891FAB61}.Debug|Any CPU.Build.0 = Debug|Any CPU
		{E953A5D7-8FBF-459A-9948-4F9D891FAB61}.Release|Any CPU.ActiveCfg = Release|Any CPU
		{E953A5D7-8FBF-459A-9948-4F9D891FAB61}.Release|Any CPU.Build.0 = Release|Any CPU
	EndGlobalSection
	GlobalSection(SolutionProperties) = preSolution
		HideSolutionNode = FALSE
	EndGlobalSection
	GlobalSection(ExtensibilityGlobals) = postSolution
		SolutionGuid = {0BB75B6D-782F-4DA8-8F34-63477B5C434F}
	EndGlobalSection
EndGlobal
